
Microsoft Visual Studio Solution File, Format Version 12.00
# Visual Studio Version 17
VisualStudioVersion = 17.11.35327.3
MinimumVisualStudioVersion = 10.0.40219.1
Project("{9A19103F-16F7-4668-BE54-9A1E7A4F7556}") = "DAL", "DAL\DAL.csproj", "{29417392-4EEF-4121-A3C2-6E757B387D72}"
EndProject
Project("{9A19103F-16F7-4668-BE54-9A1E7A4F7556}") = "BLL", "BLL\BLL.csproj", "{13FF018E-FC6B-451B-B826-49416EEB3B68}"
EndProject
Project("{FAE04EC0-301F-11D3-BF4B-00C04F79EFBC}") = "WebApp", "WebApp\WebApp.csproj", "{D3F347BF-A410-4930-9B1D-447BEC27FC84}"
EndProject
Global
	GlobalSection(SolutionConfigurationPlatforms) = preSolution
		Debug|Any CPU = Debug|Any CPU
		Release|Any CPU = Release|Any CPU
	EndGlobalSection
	GlobalSection(ProjectConfigurationPlatforms) = postSolution
		{29417392-4EEF-4121-A3C2-6E757B387D72}.Debug|Any CPU.ActiveCfg = Debug|Any CPU
		{29417392-4EEF-4121-A3C2-6E757B387D72}.Debug|Any CPU.Build.0 = Debug|Any CPU
		{29417392-4EEF-4121-A3C2-6E757B387D72}.Release|Any CPU.ActiveCfg = Release|Any CPU
		{29417392-4EEF-4121-A3C2-6E757B387D72}.Release|Any CPU.Build.0 = Release|Any CPU
		{13FF018E-FC6B-451B-B826-49416EEB3B68}.Debug|Any CPU.ActiveCfg = Debug|Any CPU
		{13FF018E-FC6B-451B-B826-49416EEB3B68}.Debug|Any CPU.Build.0 = Debug|Any CPU
		{13FF018E-FC6B-451B-B826-49416EEB3B68}.Release|Any CPU.ActiveCfg = Release|Any CPU
		{13FF018E-FC6B-451B-B826-49416EEB3B68}.Release|Any CPU.Build.0 = Release|Any CPU
		{D3F347BF-A410-4930-9B1D-447BEC27FC84}.Debug|Any CPU.ActiveCfg = Debug|Any CPU
		{D3F347BF-A410-4930-9B1D-447BEC27FC84}.Debug|Any CPU.Build.0 = Debug|Any CPU
		{D3F347BF-A410-4930-9B1D-447BEC27FC84}.Release|Any CPU.ActiveCfg = Release|Any CPU
		{D3F347BF-A410-4930-9B1D-447BEC27FC84}.Release|Any CPU.Build.0 = Release|Any CPU
	EndGlobalSection
	GlobalSection(SolutionProperties) = preSolution
		HideSolutionNode = FALSE
	EndGlobalSection
	GlobalSection(ExtensibilityGlobals) = postSolution
		SolutionGuid = {60809E41-2761-4C8C-B1B8-835A4FA96C08}
	EndGlobalSection
EndGlobal
